{
  "requires": true,
  "lockfileVersion": 1,
  "dependencies": {
    "miniprogram-barrage": {
      "version": "1.0.0",
      "resolved": "https://registry.npmjs.org/miniprogram-barrage/-/miniprogram-barrage-1.0.0.tgz",
      "integrity": "sha512-XRIacwPus0e3Dqhww+3u6R90wDx8F3ATZG7AzAT6mmvYBp9QU2CYEmiILGeS8EzgX8kZPk359Z9xm/mAmCdZpg=="
    }
  }
}
